
Microsoft Visual Studio Solution File, Format Version 12.00
# Visual Studio 15
VisualStudioVersion = 15.0.28010.2046
MinimumVisualStudioVersion = 10.0.40219.1
Project("{FAE04EC0-301F-11D3-BF4B-00C04F79EFBC}") = "RechtwinkligesDreieck", "RechtwinkligesDreieck\RechtwinkligesDreieck.csproj", "{30F72FD1-721E-4122-BB94-39BCCBA10487}"
EndProject
Global
	GlobalSection(SolutionConfigurationPlatforms) = preSolution
		Debug|Any CPU = Debug|Any CPU
		Release|Any CPU = Release|Any CPU
	EndGlobalSection
	GlobalSection(ProjectConfigurationPlatforms) = postSolution
		{30F72FD1-721E-4122-BB94-39BCCBA10487}.Debug|Any CPU.ActiveCfg = Debug|Any CPU
		{30F72FD1-721E-4122-BB94-39BCCBA10487}.Debug|Any CPU.Build.0 = Debug|Any CPU
		{30F72FD1-721E-4122-BB94-39BCCBA10487}.Release|Any CPU.ActiveCfg = Release|Any CPU
		{30F72FD1-721E-4122-BB94-39BCCBA10487}.Release|Any CPU.Build.0 = Release|Any CPU
	EndGlobalSection
	GlobalSection(SolutionProperties) = preSolution
		HideSolutionNode = FALSE
	EndGlobalSection
	GlobalSection(ExtensibilityGlobals) = postSolution
		SolutionGuid = {5FD59012-CCFD-4751-85F9-576EF7E8C07B}
	EndGlobalSection
EndGlobal
